# Generated by pub
# See https://dart.dev/tools/pub/glossary#lockfile
packages:
  collection:
    dependency: transitive
    description:
      name: collection
      url: "https://pub.dartlang.org"
    source: hosted
    version: "1.16.0"
  fast_immutable_collections:
    dependency: transitive
    description:
      name: fast_immutable_collections
      url: "https://pub.dartlang.org"
    source: hosted
    version: "7.4.1"
  honeycomb:
    dependency: "direct main"
    description:
      path: "../packages/honeycomb"
      relative: true
    source: path
    version: "0.1.1+2"
  meta:
    dependency: transitive
    description:
      name: meta
      url: "https://pub.dartlang.org"
    source: hosted
    version: "1.8.0"
  path:
    dependency: transitive
    description:
      name: path
      url: "https://pub.dartlang.org"
    source: hosted
    version: "1.8.2"
  riverpod:
    dependency: "direct main"
    description:
      name: riverpod
      url: "https://pub.dartlang.org"
    source: hosted
    version: "2.0.0-dev.9"
  stack_trace:
    dependency: transitive
    description:
      name: stack_trace
      url: "https://pub.dartlang.org"
    source: hosted
    version: "1.10.0"
  state_notifier:
    dependency: transitive
    description:
      name: state_notifier
      url: "https://pub.dartlang.org"
    source: hosted
    version: "0.7.2+1"
sdks:
  dart: ">=2.17.0 <3.0.0"
