# Generated by pub
# See https://dart.dev/tools/pub/glossary#lockfile
packages:
  collection:
    dependency: transitive
    description:
      name: collection
      url: "https://pub.dartlang.org"
    source: hosted
    version: "1.16.0"
  honeycomb:
    dependency: "direct main"
    description:
      path: "../packages/honeycomb"
      relative: true
    source: path
    version: "0.1.1+1"
  meta:
    dependency: transitive
    description:
      name: meta
      url: "https://pub.dartlang.org"
    source: hosted
    version: "1.8.0"
  riverpod:
    dependency: "direct main"
    description:
      name: riverpod
      url: "https://pub.dartlang.org"
    source: hosted
    version: "1.0.3"
  state_notifier:
    dependency: transitive
    description:
      name: state_notifier
      url: "https://pub.dartlang.org"
    source: hosted
    version: "0.7.2+1"
sdks:
  dart: ">=2.17.0-0 <3.0.0"
